lockfileVersion: 5.4

specifiers:
  dayjs: ^1.11.7
  dotenv: ^16.0.3
  playwright-chromium: ^1.29.2
  tiny-invariant: ^1.3.1

dependencies:
  dayjs: 1.11.7
  dotenv: 16.0.3
  playwright-chromium: 1.29.2
  tiny-invariant: 1.3.1

packages:

  /dayjs/1.11.7:
    resolution: {integrity: sha512-+Yw9U6YO5TQohxLcIkrXBeY73WP3ejHWVvx8XCk3gxvQDCTEmS48ZrSZCKciI7Bhl/uCMyxYtE9UqRILmFphkQ==}
    dev: false

  /dotenv/16.0.3:
    resolution: {integrity: sha512-7GO6HghkA5fYG9TYnNxi14/7K9f5occMlp3zXAuSxn7CKCxt9xbNWG7yF8hTCSUchlfWSe3uLmlPfigevRItzQ==}
    engines: {node: '>=12'}
    dev: false

  /playwright-chromium/1.29.2:
    resolution: {integrity: sha512-iylIZpI8pD2ukBY5fQhluCx530bi2w4oUUM0PAfsxBnAYKntdj4bkTlcHuvS23EvabUS++YYi6KCI5uC517nxQ==}
    engines: {node: '>=14'}
    hasBin: true
    requiresBuild: true
    dependencies:
      playwright-core: 1.29.2
    dev: false

  /playwright-core/1.29.2:
    resolution: {integrity: sha512-94QXm4PMgFoHAhlCuoWyaBYKb92yOcGVHdQLoxQ7Wjlc7Flg4aC/jbFW7xMR52OfXMVkWicue4WXE7QEegbIRA==}
    engines: {node: '>=14'}
    hasBin: true
    dev: false

  /tiny-invariant/1.3.1:
    resolution: {integrity: sha512-AD5ih2NlSssTCwsMznbvwMZpJ1cbhkGd2uueNxzv2jDlEeZdU04JQfRnggJQ8DrcVBGjAsCKwFBbDlVNtEMlzw==}
    dev: false
